github.com/aurumbot/dat v1.0.0 h1:6X+WMakwlSGq4wUhmntuIBSZlmbwVeEzTRFlZU8XDeQ=
github.com/aurumbot/dat v1.0.0/go.mod h1:xuxmP72h6JWtWMgGka9Ig2iaMjWmmbDZEArGClhHu0w=
github.com/aurumbot/dat v1.0.1-0.20180917135725-2d830733137c h1:kDQW2vqSuM5hfVW2IaG+ruT6gK9ZS+CBTTyHgPWhl+Q=
github.com/aurumbot/dat v1.0.1-0.20180917135725-2d830733137c/go.mod h1:xuxmP72h6JWtWMgGka9Ig2iaMjWmmbDZEArGClhHu0w=
github.com/aurumbot/dat v1.0.1 h1:ZdYwuSudlGogPdVaqMOuxJvmXaukmHM3j5ebyxWbgQA=
github.com/aurumbot/dat v1.0.1/go.mod h1:xuxmP72h6JWtWMgGka9Ig2iaMjWmmbDZEArGClhHu0w=
github.com/aurumbot/dat v1.0.2 h1:1CE9K+O47o3H0rtY8RXDX+fe8/YpDu7P3JXYNVvQ5RI=
github.com/aurumbot/dat v1.0.2/go.mod h1:xuxmP72h6JWtWMgGka9Ig2iaMjWmmbDZEArGClhHu0w=
github.com/aurumbot/dat v1.0.3 h1:JAqgeOqvfCQEPd/J2JXdSYLwsYXNzUueib64d0jRUng=
github.com/aurumbot/dat v1.0.3/go.mod h1:xuxmP72h6JWtWMgGka9Ig2iaMjWmmbDZEArGClhHu0w=
github.com/aurumbot/dat v1.0.4 h1:Y54LydfD+/zuSHx0wIoAbgXB57p83ikZ5fIowPejU2A=
github.com/aurumbot/dat v1.0.4/go.mod h1:xuxmP72h6JWtWMgGka9Ig2iaMjWmmbDZEArGClhHu0w=
github.com/aurumbot/flags v1.0.0 h1:2FhFUGcGmh3AmC/WVQKVT6sVJaIF5GUy4ieHaOVZJyc=
github.com/aurumbot/flags v1.0.0/go.mod h1:du50XjbPKl4UpCf9ZBNdWfFk4xfl4+jcWMv/15jnIYo=
github.com/bwmarrin/discordgo v0.18.0 h1:XopVQXCIFy7Cr2eT7NcYcm4k0l2PYX+AP5RUbIWX2/8=
github.com/bwmarrin/discordgo v0.18.0/go.mod h1:5NIvFv5Z7HddYuXbuQegZ684DleQaCFqChP2iuBivJ8=
github.com/gorilla/websocket v1.4.0 h1:WDFjx/TMzVgy9VdMMQi2K2Emtwi2QcUQsztZ/zLaH/Q=
github.com/gorilla/websocket v1.4.0/go.mod h1:E7qHFY5m1UJ88s3WnNqhKjPHQ0heANvMoAMk2YaljkQ=
github.com/takama/daemon v0.0.0-20180403113744-aa76b0035d12 h1:MlOkfN9J0i50+dVLc2WzN15uxggtdN4uRUXy33mt3ik=
github.com/takama/daemon v0.0.0-20180403113744-aa76b0035d12/go.mod h1:So5Nv647d/sgbZNAfiWtw6egowH8vNNrPXAwooWeElk=
golang.org/x/crypto v0.0.0-20180910181607-0e37d006457b h1:2b9XGzhjiYsYPnKXoEfL7klWZQIt8IfyRCz62gCqqlQ=
golang.org/x/crypto v0.0.0-20180910181607-0e37d006457b/go.mod h1:6SG95UA2DQfeDnfUPMdvaQW0Q7yPrPDi9nlGo2tz2b4=
