github.com/aurumbot/dat v1.0.0 h1:6X+WMakwlSGq4wUhmntuIBSZlmbwVeEzTRFlZU8XDeQ=
github.com/aurumbot/dat v1.0.0/go.mod h1:xuxmP72h6JWtWMgGka9Ig2iaMjWmmbDZEArGClhHu0w=
github.com/aurumbot/flags v1.0.0 h1:2FhFUGcGmh3AmC/WVQKVT6sVJaIF5GUy4ieHaOVZJyc=
github.com/aurumbot/flags v1.0.0/go.mod h1:du50XjbPKl4UpCf9ZBNdWfFk4xfl4+jcWMv/15jnIYo=
github.com/bwmarrin/discordgo v0.18.0/go.mod h1:5NIvFv5Z7HddYuXbuQegZ684DleQaCFqChP2iuBivJ8=
github.com/gorilla/websocket v1.4.0/go.mod h1:E7qHFY5m1UJ88s3WnNqhKjPHQ0heANvMoAMk2YaljkQ=
github.com/takama/daemon v0.0.0-20180403113744-aa76b0035d12/go.mod h1:So5Nv647d/sgbZNAfiWtw6egowH8vNNrPXAwooWeElk=
golang.org/x/crypto v0.0.0-20180910181607-0e37d006457b/go.mod h1:6SG95UA2DQfeDnfUPMdvaQW0Q7yPrPDi9nlGo2tz2b4=
